// !$*UTF8*$!
{
	archiveVersion = 1;
	classes = {
	};
	objectVersion = 46;
	objects = {

/* Begin PBXBuildFile section */
		41F3C4A800CFBA298B99EF12 /* Pods_BookClubUpdated.framework in Frameworks */ = {isa = PBXBuildFile; fileRef = 63A8FB12FE87389506DB4C67 /* Pods_BookClubUpdated.framework */; };
		B50F8A211DE320E7003954F8 /* GoogleBooksAPI.swift in Sources */ = {isa = PBXBuildFile; fileRef = B50F8A201DE320E6003954F8 /* GoogleBooksAPI.swift */; };
		B50F8A231DE323EC003954F8 /* AddBookViewController.swift in Sources */ = {isa = PBXBuildFile; fileRef = B50F8A221DE323EC003954F8 /* AddBookViewController.swift */; };
		B50F8A291DE36A24003954F8 /* BookDataStore.swift in Sources */ = {isa = PBXBuildFile; fileRef = B50F8A281DE36A24003954F8 /* BookDataStore.swift */; };
		B50F8A301DE375FE003954F8 /* SearchBookResultsTableViewCell.swift in Sources */ = {isa = PBXBuildFile; fileRef = B50F8A2F1DE375FE003954F8 /* SearchBookResultsTableViewCell.swift */; };
		B51480D61DE87AB900DD7523 /* FriendsBooksPostedTableViewCell.swift in Sources */ = {isa = PBXBuildFile; fileRef = B51480D51DE87AB900DD7523 /* FriendsBooksPostedTableViewCell.swift */; };
		B51480DB1DE8DD2800DD7523 /* BooksFirebaseMethods.swift in Sources */ = {isa = PBXBuildFile; fileRef = B51480DA1DE8DD2800DD7523 /* BooksFirebaseMethods.swift */; };
		B51F9F7C1DE9E004006921D3 /* BookPosted.swift in Sources */ = {isa = PBXBuildFile; fileRef = B51F9F7B1DE9E004006921D3 /* BookPosted.swift */; };
		B51F9F7E1DE9E663006921D3 /* PostsFirebaseMethods.swift in Sources */ = {isa = PBXBuildFile; fileRef = B51F9F7D1DE9E663006921D3 /* PostsFirebaseMethods.swift */; };
		B51F9F811DEA09D8006921D3 /* BookDetailsViewController.swift in Sources */ = {isa = PBXBuildFile; fileRef = B51F9F801DEA09D8006921D3 /* BookDetailsViewController.swift */; };
		B51F9F851DEA4796006921D3 /* FutureReadsCollectionViewCell.swift in Sources */ = {isa = PBXBuildFile; fileRef = B51F9F841DEA4796006921D3 /* FutureReadsCollectionViewCell.swift */; };
		B52472511DE45DDF00BE95FA /* Constants.swift in Sources */ = {isa = PBXBuildFile; fileRef = B52472501DE45DDF00BE95FA /* Constants.swift */; };
		B52494561DE5C30400D837C4 /* AddCommentAndRatingViewController.swift in Sources */ = {isa = PBXBuildFile; fileRef = B52494551DE5C30400D837C4 /* AddCommentAndRatingViewController.swift */; };
		B524945A1DE5EB9C00D837C4 /* UserProfileViewController.swift in Sources */ = {isa = PBXBuildFile; fileRef = B52494591DE5EB9C00D837C4 /* UserProfileViewController.swift */; };
		B524945D1DE5EEB700D837C4 /* BooksFriendsReadTableViewController.swift in Sources */ = {isa = PBXBuildFile; fileRef = B524945C1DE5EEB700D837C4 /* BooksFriendsReadTableViewController.swift */; };
		B52494601DE6356800D837C4 /* UserBook.swift in Sources */ = {isa = PBXBuildFile; fileRef = B524945F1DE6356800D837C4 /* UserBook.swift */; };
		B57ABBBC1DE7F22B00722B83 /* FollowingTableViewCell.swift in Sources */ = {isa = PBXBuildFile; fileRef = B57ABBBB1DE7F22B00722B83 /* FollowingTableViewCell.swift */; };
		B58291BE1DB96C300017FF58 /* AppDelegate.swift in Sources */ = {isa = PBXBuildFile; fileRef = B58291BD1DB96C300017FF58 /* AppDelegate.swift */; };
		B58291C31DB96C300017FF58 /* Main.storyboard in Resources */ = {isa = PBXBuildFile; fileRef = B58291C11DB96C300017FF58 /* Main.storyboard */; };
		B58291C61DB96C300017FF58 /* BookClubUpdated.xcdatamodeld in Sources */ = {isa = PBXBuildFile; fileRef = B58291C41DB96C300017FF58 /* BookClubUpdated.xcdatamodeld */; };
		B58291C81DB96C300017FF58 /* Assets.xcassets in Resources */ = {isa = PBXBuildFile; fileRef = B58291C71DB96C300017FF58 /* Assets.xcassets */; };
		B58291CB1DB96C300017FF58 /* LaunchScreen.storyboard in Resources */ = {isa = PBXBuildFile; fileRef = B58291C91DB96C300017FF58 /* LaunchScreen.storyboard */; };
		B58291D31DB96C710017FF58 /* BooksUserWantsToReadCollectionViewController.swift in Sources */ = {isa = PBXBuildFile; fileRef = B58291D21DB96C710017FF58 /* BooksUserWantsToReadCollectionViewController.swift */; };
		B58291D51DB96CBF0017FF58 /* SearchedBook.swift in Sources */ = {isa = PBXBuildFile; fileRef = B58291D41DB96CBF0017FF58 /* SearchedBook.swift */; };
		B58291D71DB973F10017FF58 /* LoginViewController.swift in Sources */ = {isa = PBXBuildFile; fileRef = B58291D61DB973F10017FF58 /* LoginViewController.swift */; };
		B58291D91DB977950017FF58 /* User.swift in Sources */ = {isa = PBXBuildFile; fileRef = B58291D81DB977950017FF58 /* User.swift */; };
		B5A06E781DE5333D003438A4 /* GoogleService-Info.plist in Resources */ = {isa = PBXBuildFile; fileRef = B5A06E771DE5333D003438A4 /* GoogleService-Info.plist */; };
		B5A881761DE76BF700D90B07 /* FollowersFollowing.xib in Resources */ = {isa = PBXBuildFile; fileRef = B5A881751DE76BF700D90B07 /* FollowersFollowing.xib */; };
		B5A881781DE76DFE00D90B07 /* FollowersFollowing.swift in Sources */ = {isa = PBXBuildFile; fileRef = B5A881771DE76DFE00D90B07 /* FollowersFollowing.swift */; };
		B5A8817D1DE7710200D90B07 /* FollowingTableViewController.swift in Sources */ = {isa = PBXBuildFile; fileRef = B5A8817C1DE7710200D90B07 /* FollowingTableViewController.swift */; };
		B5A8817F1DE7712800D90B07 /* FollowersTableViewController.swift in Sources */ = {isa = PBXBuildFile; fileRef = B5A8817E1DE7712800D90B07 /* FollowersTableViewController.swift */; };
		B5A8818B1DE77C1B00D90B07 /* UserFirebaseMethods.swift in Sources */ = {isa = PBXBuildFile; fileRef = B5A8818A1DE77C1B00D90B07 /* UserFirebaseMethods.swift */; };
		B5A8818D1DE78DFA00D90B07 /* FindFriendsTableViewController.swift in Sources */ = {isa = PBXBuildFile; fileRef = B5A8818C1DE78DFA00D90B07 /* FindFriendsTableViewController.swift */; };
		B5A8818F1DE7A81200D90B07 /* SearchFriendsTableViewCell.swift in Sources */ = {isa = PBXBuildFile; fileRef = B5A8818E1DE7A81200D90B07 /* SearchFriendsTableViewCell.swift */; };
/* End PBXBuildFile section */

/* Begin PBXFileReference section */
		564182B88FA5B39804202925 /* Pods-BookClubUpdated.debug.xcconfig */ = {isa = PBXFileReference; includeInIndex = 1; lastKnownFileType = text.xcconfig; name = "Pods-BookClubUpdated.debug.xcconfig"; path = "Pods/Target Support Files/Pods-BookClubUpdated/Pods-BookClubUpdated.debug.xcconfig"; sourceTree = "<group>"; };
		63A8FB12FE87389506DB4C67 /* Pods_BookClubUpdated.framework */ = {isa = PBXFileReference; explicitFileType = wrapper.framework; includeInIndex = 0; path = Pods_BookClubUpdated.framework; sourceTree = BUILT_PRODUCTS_DIR; };
		72BBA813D17FAAE43B1ECE5C /* Pods-BookClubUpdated.release.xcconfig */ = {isa = PBXFileReference; includeInIndex = 1; lastKnownFileType = text.xcconfig; name = "Pods-BookClubUpdated.release.xcconfig"; path = "Pods/Target Support Files/Pods-BookClubUpdated/Pods-BookClubUpdated.release.xcconfig"; sourceTree = "<group>"; };
		B50F8A201DE320E6003954F8 /* GoogleBooksAPI.swift */ = {isa = PBXFileReference; fileEncoding = 4; lastKnownFileType = sourcecode.swift; path = GoogleBooksAPI.swift; sourceTree = "<group>"; };
		B50F8A221DE323EC003954F8 /* AddBookViewController.swift */ = {isa = PBXFileReference; fileEncoding = 4; lastKnownFileType = sourcecode.swift; path = AddBookViewController.swift; sourceTree = "<group>"; };
		B50F8A281DE36A24003954F8 /* BookDataStore.swift */ = {isa = PBXFileReference; fileEncoding = 4; lastKnownFileType = sourcecode.swift; path = BookDataStore.swift; sourceTree = "<group>"; };
		B50F8A2F1DE375FE003954F8 /* SearchBookResultsTableViewCell.swift */ = {isa = PBXFileReference; fileEncoding = 4; lastKnownFileType = sourcecode.swift; path = SearchBookResultsTableViewCell.swift; sourceTree = "<group>"; };
		B51480D51DE87AB900DD7523 /* FriendsBooksPostedTableViewCell.swift */ = {isa = PBXFileReference; fileEncoding = 4; lastKnownFileType = sourcecode.swift; path = FriendsBooksPostedTableViewCell.swift; sourceTree = "<group>"; };
		B51480DA1DE8DD2800DD7523 /* BooksFirebaseMethods.swift */ = {isa = PBXFileReference; fileEncoding = 4; lastKnownFileType = sourcecode.swift; path = BooksFirebaseMethods.swift; sourceTree = "<group>"; };
		B51F9F7B1DE9E004006921D3 /* BookPosted.swift */ = {isa = PBXFileReference; fileEncoding = 4; lastKnownFileType = sourcecode.swift; path = BookPosted.swift; sourceTree = "<group>"; };
		B51F9F7D1DE9E663006921D3 /* PostsFirebaseMethods.swift */ = {isa = PBXFileReference; fileEncoding = 4; lastKnownFileType = sourcecode.swift; path = PostsFirebaseMethods.swift; sourceTree = "<group>"; };
		B51F9F801DEA09D8006921D3 /* BookDetailsViewController.swift */ = {isa = PBXFileReference; fileEncoding = 4; lastKnownFileType = sourcecode.swift; path = BookDetailsViewController.swift; sourceTree = "<group>"; };
		B51F9F841DEA4796006921D3 /* FutureReadsCollectionViewCell.swift */ = {isa = PBXFileReference; fileEncoding = 4; lastKnownFileType = sourcecode.swift; path = FutureReadsCollectionViewCell.swift; sourceTree = "<group>"; };
		B52472501DE45DDF00BE95FA /* Constants.swift */ = {isa = PBXFileReference; fileEncoding = 4; lastKnownFileType = sourcecode.swift; path = Constants.swift; sourceTree = "<group>"; };
		B52494551DE5C30400D837C4 /* AddCommentAndRatingViewController.swift */ = {isa = PBXFileReference; fileEncoding = 4; lastKnownFileType = sourcecode.swift; path = AddCommentAndRatingViewController.swift; sourceTree = "<group>"; };
		B52494591DE5EB9C00D837C4 /* UserProfileViewController.swift */ = {isa = PBXFileReference; fileEncoding = 4; lastKnownFileType = sourcecode.swift; path = UserProfileViewController.swift; sourceTree = "<group>"; };
		B524945C1DE5EEB700D837C4 /* BooksFriendsReadTableViewController.swift */ = {isa = PBXFileReference; fileEncoding = 4; lastKnownFileType = sourcecode.swift; path = BooksFriendsReadTableViewController.swift; sourceTree = "<group>"; };
		B524945F1DE6356800D837C4 /* UserBook.swift */ = {isa = PBXFileReference; fileEncoding = 4; lastKnownFileType = sourcecode.swift; path = UserBook.swift; sourceTree = "<group>"; };
		B57ABBBB1DE7F22B00722B83 /* FollowingTableViewCell.swift */ = {isa = PBXFileReference; fileEncoding = 4; lastKnownFileType = sourcecode.swift; path = FollowingTableViewCell.swift; sourceTree = "<group>"; };
		B58291BA1DB96C300017FF58 /* BookClubUpdated.app */ = {isa = PBXFileReference; explicitFileType = wrapper.application; includeInIndex = 0; path = BookClubUpdated.app; sourceTree = BUILT_PRODUCTS_DIR; };
		B58291BD1DB96C300017FF58 /* AppDelegate.swift */ = {isa = PBXFileReference; lastKnownFileType = sourcecode.swift; path = AppDelegate.swift; sourceTree = "<group>"; };
		B58291C21DB96C300017FF58 /* Base */ = {isa = PBXFileReference; lastKnownFileType = file.storyboard; name = Base; path = Base.lproj/Main.storyboard; sourceTree = "<group>"; };
		B58291C51DB96C300017FF58 /* BookClubUpdated.xcdatamodel */ = {isa = PBXFileReference; lastKnownFileType = wrapper.xcdatamodel; path = BookClubUpdated.xcdatamodel; sourceTree = "<group>"; };
		B58291C71DB96C300017FF58 /* Assets.xcassets */ = {isa = PBXFileReference; lastKnownFileType = folder.assetcatalog; path = Assets.xcassets; sourceTree = "<group>"; };
		B58291CA1DB96C300017FF58 /* Base */ = {isa = PBXFileReference; lastKnownFileType = file.storyboard; name = Base; path = Base.lproj/LaunchScreen.storyboard; sourceTree = "<group>"; };
		B58291CC1DB96C300017FF58 /* Info.plist */ = {isa = PBXFileReference; lastKnownFileType = text.plist.xml; path = Info.plist; sourceTree = "<group>"; };
		B58291D21DB96C710017FF58 /* BooksUserWantsToReadCollectionViewController.swift */ = {isa = PBXFileReference; fileEncoding = 4; lastKnownFileType = sourcecode.swift; path = BooksUserWantsToReadCollectionViewController.swift; sourceTree = "<group>"; };
		B58291D41DB96CBF0017FF58 /* SearchedBook.swift */ = {isa = PBXFileReference; fileEncoding = 4; lastKnownFileType = sourcecode.swift; path = SearchedBook.swift; sourceTree = "<group>"; };
		B58291D61DB973F10017FF58 /* LoginViewController.swift */ = {isa = PBXFileReference; fileEncoding = 4; lastKnownFileType = sourcecode.swift; path = LoginViewController.swift; sourceTree = "<group>"; };
		B58291D81DB977950017FF58 /* User.swift */ = {isa = PBXFileReference; fileEncoding = 4; lastKnownFileType = sourcecode.swift; path = User.swift; sourceTree = "<group>"; };
		B5A06E771DE5333D003438A4 /* GoogleService-Info.plist */ = {isa = PBXFileReference; fileEncoding = 4; lastKnownFileType = text.plist.xml; path = "GoogleService-Info.plist"; sourceTree = "<group>"; };
		B5A881751DE76BF700D90B07 /* FollowersFollowing.xib */ = {isa = PBXFileReference; fileEncoding = 4; lastKnownFileType = file.xib; path = FollowersFollowing.xib; sourceTree = "<group>"; };
		B5A881771DE76DFE00D90B07 /* FollowersFollowing.swift */ = {isa = PBXFileReference; fileEncoding = 4; lastKnownFileType = sourcecode.swift; path = FollowersFollowing.swift; sourceTree = "<group>"; };
		B5A8817C1DE7710200D90B07 /* FollowingTableViewController.swift */ = {isa = PBXFileReference; fileEncoding = 4; lastKnownFileType = sourcecode.swift; path = FollowingTableViewController.swift; sourceTree = "<group>"; };
		B5A8817E1DE7712800D90B07 /* FollowersTableViewController.swift */ = {isa = PBXFileReference; fileEncoding = 4; lastKnownFileType = sourcecode.swift; path = FollowersTableViewController.swift; sourceTree = "<group>"; };
		B5A8818A1DE77C1B00D90B07 /* UserFirebaseMethods.swift */ = {isa = PBXFileReference; fileEncoding = 4; lastKnownFileType = sourcecode.swift; path = UserFirebaseMethods.swift; sourceTree = "<group>"; };
		B5A8818C1DE78DFA00D90B07 /* FindFriendsTableViewController.swift */ = {isa = PBXFileReference; fileEncoding = 4; lastKnownFileType = sourcecode.swift; path = FindFriendsTableViewController.swift; sourceTree = "<group>"; };
		B5A8818E1DE7A81200D90B07 /* SearchFriendsTableViewCell.swift */ = {isa = PBXFileReference; fileEncoding = 4; lastKnownFileType = sourcecode.swift; path = SearchFriendsTableViewCell.swift; sourceTree = "<group>"; };
/* End PBXFileReference section */

/* Begin PBXFrameworksBuildPhase section */
		B58291B71DB96C300017FF58 /* Frameworks */ = {
			isa = PBXFrameworksBuildPhase;
			buildActionMask = 2147483647;
			files = (
				41F3C4A800CFBA298B99EF12 /* Pods_BookClubUpdated.framework in Frameworks */,
			);
			runOnlyForDeploymentPostprocessing = 0;
		};
/* End PBXFrameworksBuildPhase section */

/* Begin PBXGroup section */
		823207041DFBEBCAD9BB5EA4 /* Frameworks */ = {
			isa = PBXGroup;
			children = (
				63A8FB12FE87389506DB4C67 /* Pods_BookClubUpdated.framework */,
			);
			name = Frameworks;
			sourceTree = "<group>";
		};
		B50F8A2A1DE36A60003954F8 /* BookAPIAndStore */ = {
			isa = PBXGroup;
			children = (
				B50F8A201DE320E6003954F8 /* GoogleBooksAPI.swift */,
				B50F8A281DE36A24003954F8 /* BookDataStore.swift */,
			);
			name = BookAPIAndStore;
			sourceTree = "<group>";
		};
		B50F8A2C1DE36A7C003954F8 /* Controllers */ = {
			isa = PBXGroup;
			children = (
				B5A8817B1DE770B900D90B07 /* FollowersFollowingVCs */,
				B524945E1DE5EEBB00D837C4 /* BooksFriendsReadVC */,
				B524945B1DE5EBA300D837C4 /* ProfileVC */,
				B50F8A2E1DE375C3003954F8 /* Search and Add Book */,
				B52494571DE5C30D00D837C4 /* LoginVC */,
			);
			name = Controllers;
			sourceTree = "<group>";
		};
		B50F8A2D1DE36AA5003954F8 /* DataStructs */ = {
			isa = PBXGroup;
			children = (
				B51F9F7F1DE9E66A006921D3 /* Posts */,
				B51480D71DE8817F00DD7523 /* BooksFromAPI */,
				B51480D81DE8819800DD7523 /* BooksPostedByUser */,
				B51480D91DE881B600DD7523 /* User */,
			);
			name = DataStructs;
			sourceTree = "<group>";
		};
		B50F8A2E1DE375C3003954F8 /* Search and Add Book */ = {
			isa = PBXGroup;
			children = (
				B50F8A221DE323EC003954F8 /* AddBookViewController.swift */,
				B50F8A2F1DE375FE003954F8 /* SearchBookResultsTableViewCell.swift */,
				B52494551DE5C30400D837C4 /* AddCommentAndRatingViewController.swift */,
			);
			name = "Search and Add Book";
			sourceTree = "<group>";
		};
		B51480D71DE8817F00DD7523 /* BooksFromAPI */ = {
			isa = PBXGroup;
			children = (
				B58291D41DB96CBF0017FF58 /* SearchedBook.swift */,
				B51480DA1DE8DD2800DD7523 /* BooksFirebaseMethods.swift */,
			);
			name = BooksFromAPI;
			sourceTree = "<group>";
		};
		B51480D81DE8819800DD7523 /* BooksPostedByUser */ = {
			isa = PBXGroup;
			children = (
				B524945F1DE6356800D837C4 /* UserBook.swift */,
			);
			name = BooksPostedByUser;
			sourceTree = "<group>";
		};
		B51480D91DE881B600DD7523 /* User */ = {
			isa = PBXGroup;
			children = (
				B5A8818A1DE77C1B00D90B07 /* UserFirebaseMethods.swift */,
				B58291D81DB977950017FF58 /* User.swift */,
			);
			name = User;
			sourceTree = "<group>";
		};
		B51F9F7F1DE9E66A006921D3 /* Posts */ = {
			isa = PBXGroup;
			children = (
				B51F9F7B1DE9E004006921D3 /* BookPosted.swift */,
				B51F9F7D1DE9E663006921D3 /* PostsFirebaseMethods.swift */,
			);
			name = Posts;
			sourceTree = "<group>";
		};
		B52494571DE5C30D00D837C4 /* LoginVC */ = {
			isa = PBXGroup;
			children = (
				B58291D61DB973F10017FF58 /* LoginViewController.swift */,
			);
			name = LoginVC;
			sourceTree = "<group>";
		};
		B52494581DE5C32700D837C4 /* BasicSetup */ = {
			isa = PBXGroup;
			children = (
				B52472501DE45DDF00BE95FA /* Constants.swift */,
				B58291BD1DB96C300017FF58 /* AppDelegate.swift */,
			);
			name = BasicSetup;
			sourceTree = "<group>";
		};
		B524945B1DE5EBA300D837C4 /* ProfileVC */ = {
			isa = PBXGroup;
			children = (
				B5A881751DE76BF700D90B07 /* FollowersFollowing.xib */,
				B5A881771DE76DFE00D90B07 /* FollowersFollowing.swift */,
				B58291D21DB96C710017FF58 /* BooksUserWantsToReadCollectionViewController.swift */,
				B51F9F841DEA4796006921D3 /* FutureReadsCollectionViewCell.swift */,
				B52494591DE5EB9C00D837C4 /* UserProfileViewController.swift */,
			);
			name = ProfileVC;
			sourceTree = "<group>";
		};
		B524945E1DE5EEBB00D837C4 /* BooksFriendsReadVC */ = {
			isa = PBXGroup;
			children = (
				B524945C1DE5EEB700D837C4 /* BooksFriendsReadTableViewController.swift */,
				B51480D51DE87AB900DD7523 /* FriendsBooksPostedTableViewCell.swift */,
				B51F9F801DEA09D8006921D3 /* BookDetailsViewController.swift */,
			);
			name = BooksFriendsReadVC;
			sourceTree = "<group>";
		};
		B58291B11DB96C300017FF58 = {
			isa = PBXGroup;
			children = (
				B58291BC1DB96C300017FF58 /* BookClubUpdated */,
				B58291BB1DB96C300017FF58 /* Products */,
				E5A477E7417D1904050FA008 /* Pods */,
				823207041DFBEBCAD9BB5EA4 /* Frameworks */,
			);
			sourceTree = "<group>";
		};
		B58291BB1DB96C300017FF58 /* Products */ = {
			isa = PBXGroup;
			children = (
				B58291BA1DB96C300017FF58 /* BookClubUpdated.app */,
			);
			name = Products;
			sourceTree = "<group>";
		};
		B58291BC1DB96C300017FF58 /* BookClubUpdated */ = {
			isa = PBXGroup;
			children = (
				B52494581DE5C32700D837C4 /* BasicSetup */,
				B50F8A2C1DE36A7C003954F8 /* Controllers */,
				B50F8A2D1DE36AA5003954F8 /* DataStructs */,
				B50F8A2A1DE36A60003954F8 /* BookAPIAndStore */,
				B58291C11DB96C300017FF58 /* Main.storyboard */,
				B58291C71DB96C300017FF58 /* Assets.xcassets */,
				B58291C91DB96C300017FF58 /* LaunchScreen.storyboard */,
				B58291CC1DB96C300017FF58 /* Info.plist */,
				B5A06E771DE5333D003438A4 /* GoogleService-Info.plist */,
				B58291C41DB96C300017FF58 /* BookClubUpdated.xcdatamodeld */,
			);
			path = BookClubUpdated;
			sourceTree = "<group>";
		};
		B5A8817B1DE770B900D90B07 /* FollowersFollowingVCs */ = {
			isa = PBXGroup;
			children = (
				B5A8817C1DE7710200D90B07 /* FollowingTableViewController.swift */,
				B57ABBBB1DE7F22B00722B83 /* FollowingTableViewCell.swift */,
				B5A8817E1DE7712800D90B07 /* FollowersTableViewController.swift */,
				B5A8818C1DE78DFA00D90B07 /* FindFriendsTableViewController.swift */,
				B5A8818E1DE7A81200D90B07 /* SearchFriendsTableViewCell.swift */,
			);
			name = FollowersFollowingVCs;
			sourceTree = "<group>";
		};
		E5A477E7417D1904050FA008 /* Pods */ = {
			isa = PBXGroup;
			children = (
				564182B88FA5B39804202925 /* Pods-BookClubUpdated.debug.xcconfig */,
				72BBA813D17FAAE43B1ECE5C /* Pods-BookClubUpdated.release.xcconfig */,
			);
			name = Pods;
			sourceTree = "<group>";
		};
/* End PBXGroup section */

/* Begin PBXNativeTarget section */
		B58291B91DB96C300017FF58 /* BookClubUpdated */ = {
			isa = PBXNativeTarget;
			buildConfigurationList = B58291CF1DB96C300017FF58 /* Build configuration list for PBXNativeTarget "BookClubUpdated" */;
			buildPhases = (
				182E4F376789D16E418D9002 /* [CP] Check Pods Manifest.lock */,
				B58291B61DB96C300017FF58 /* Sources */,
				B58291B71DB96C300017FF58 /* Frameworks */,
				B58291B81DB96C300017FF58 /* Resources */,
				C72B6372EC251AD605243212 /* [CP] Embed Pods Frameworks */,
				C75A1EC768DA4227949A8FA2 /* [CP] Copy Pods Resources */,
			);
			buildRules = (
			);
			dependencies = (
			);
			name = BookClubUpdated;
			productName = BookClubUpdated;
			productReference = B58291BA1DB96C300017FF58 /* BookClubUpdated.app */;
			productType = "com.apple.product-type.application";
		};
/* End PBXNativeTarget section */

/* Begin PBXProject section */
		B58291B21DB96C300017FF58 /* Project object */ = {
			isa = PBXProject;
			attributes = {
				LastSwiftUpdateCheck = 0800;
				LastUpgradeCheck = 0800;
				ORGANIZATIONNAME = FJ;
				TargetAttributes = {
					B58291B91DB96C300017FF58 = {
						CreatedOnToolsVersion = 8.0;
						DevelopmentTeam = 2UY7XP5ASH;
						ProvisioningStyle = Automatic;
					};
				};
			};
			buildConfigurationList = B58291B51DB96C300017FF58 /* Build configuration list for PBXProject "BookClubUpdated" */;
			compatibilityVersion = "Xcode 3.2";
			developmentRegion = English;
			hasScannedForEncodings = 0;
			knownRegions = (
				en,
				Base,
			);
			mainGroup = B58291B11DB96C300017FF58;
			productRefGroup = B58291BB1DB96C300017FF58 /* Products */;
			projectDirPath = "";
			projectRoot = "";
			targets = (
				B58291B91DB96C300017FF58 /* BookClubUpdated */,
			);
		};
/* End PBXProject section */

/* Begin PBXResourcesBuildPhase section */
		B58291B81DB96C300017FF58 /* Resources */ = {
			isa = PBXResourcesBuildPhase;
			buildActionMask = 2147483647;
			files = (
				B5A06E781DE5333D003438A4 /* GoogleService-Info.plist in Resources */,
				B5A881761DE76BF700D90B07 /* FollowersFollowing.xib in Resources */,
				B58291CB1DB96C300017FF58 /* LaunchScreen.storyboard in Resources */,
				B58291C81DB96C300017FF58 /* Assets.xcassets in Resources */,
				B58291C31DB96C300017FF58 /* Main.storyboard in Resources */,
			);
			runOnlyForDeploymentPostprocessing = 0;
		};
/* End PBXResourcesBuildPhase section */

/* Begin PBXShellScriptBuildPhase section */
		182E4F376789D16E418D9002 /* [CP] Check Pods Manifest.lock */ = {
			isa = PBXShellScriptBuildPhase;
			buildActionMask = 2147483647;
			files = (
			);
			inputPaths = (
			);
			name = "[CP] Check Pods Manifest.lock";
			outputPaths = (
			);
			runOnlyForDeploymentPostprocessing = 0;
			shellPath = /bin/sh;
			shellScript = "diff \"${PODS_ROOT}/../Podfile.lock\" \"${PODS_ROOT}/Manifest.lock\" > /dev/null\nif [[ $? != 0 ]] ; then\n    cat << EOM\nerror: The sandbox is not in sync with the Podfile.lock. Run 'pod install' or update your CocoaPods installation.\nEOM\n    exit 1\nfi\n";
			showEnvVarsInLog = 0;
		};
		C72B6372EC251AD605243212 /* [CP] Embed Pods Frameworks */ = {
			isa = PBXShellScriptBuildPhase;
			buildActionMask = 2147483647;
			files = (
			);
			inputPaths = (
			);
			name = "[CP] Embed Pods Frameworks";
			outputPaths = (
			);
			runOnlyForDeploymentPostprocessing = 0;
			shellPath = /bin/sh;
			shellScript = "\"${SRCROOT}/Pods/Target Support Files/Pods-BookClubUpdated/Pods-BookClubUpdated-frameworks.sh\"\n";
			showEnvVarsInLog = 0;
		};
		C75A1EC768DA4227949A8FA2 /* [CP] Copy Pods Resources */ = {
			isa = PBXShellScriptBuildPhase;
			buildActionMask = 2147483647;
			files = (
			);
			inputPaths = (
			);
			name = "[CP] Copy Pods Resources";
			outputPaths = (
			);
			runOnlyForDeploymentPostprocessing = 0;
			shellPath = /bin/sh;
			shellScript = "\"${SRCROOT}/Pods/Target Support Files/Pods-BookClubUpdated/Pods-BookClubUpdated-resources.sh\"\n";
			showEnvVarsInLog = 0;
		};
/* End PBXShellScriptBuildPhase section */

/* Begin PBXSourcesBuildPhase section */
		B58291B61DB96C300017FF58 /* Sources */ = {
			isa = PBXSourcesBuildPhase;
			buildActionMask = 2147483647;
			files = (
				B524945D1DE5EEB700D837C4 /* BooksFriendsReadTableViewController.swift in Sources */,
				B50F8A301DE375FE003954F8 /* SearchBookResultsTableViewCell.swift in Sources */,
				B51F9F7C1DE9E004006921D3 /* BookPosted.swift in Sources */,
				B5A8818D1DE78DFA00D90B07 /* FindFriendsTableViewController.swift in Sources */,
				B524945A1DE5EB9C00D837C4 /* UserProfileViewController.swift in Sources */,
				B51480DB1DE8DD2800DD7523 /* BooksFirebaseMethods.swift in Sources */,
				B58291D71DB973F10017FF58 /* LoginViewController.swift in Sources */,
				B58291C61DB96C300017FF58 /* BookClubUpdated.xcdatamodeld in Sources */,
				B5A8818B1DE77C1B00D90B07 /* UserFirebaseMethods.swift in Sources */,
				B5A8817F1DE7712800D90B07 /* FollowersTableViewController.swift in Sources */,
				B50F8A211DE320E7003954F8 /* GoogleBooksAPI.swift in Sources */,
				B58291D91DB977950017FF58 /* User.swift in Sources */,
				B5A881781DE76DFE00D90B07 /* FollowersFollowing.swift in Sources */,
				B51480D61DE87AB900DD7523 /* FriendsBooksPostedTableViewCell.swift in Sources */,
				B52494561DE5C30400D837C4 /* AddCommentAndRatingViewController.swift in Sources */,
				B58291BE1DB96C300017FF58 /* AppDelegate.swift in Sources */,
				B51F9F851DEA4796006921D3 /* FutureReadsCollectionViewCell.swift in Sources */,
				B5A8817D1DE7710200D90B07 /* FollowingTableViewController.swift in Sources */,
				B50F8A291DE36A24003954F8 /* BookDataStore.swift in Sources */,
				B57ABBBC1DE7F22B00722B83 /* FollowingTableViewCell.swift in Sources */,
				B5A8818F1DE7A81200D90B07 /* SearchFriendsTableViewCell.swift in Sources */,
				B52494601DE6356800D837C4 /* UserBook.swift in Sources */,
				B51F9F7E1DE9E663006921D3 /* PostsFirebaseMethods.swift in Sources */,
				B51F9F811DEA09D8006921D3 /* BookDetailsViewController.swift in Sources */,
				B58291D31DB96C710017FF58 /* BooksUserWantsToReadCollectionViewController.swift in Sources */,
				B50F8A231DE323EC003954F8 /* AddBookViewController.swift in Sources */,
				B58291D51DB96CBF0017FF58 /* SearchedBook.swift in Sources */,
				B52472511DE45DDF00BE95FA /* Constants.swift in Sources */,
			);
			runOnlyForDeploymentPostprocessing = 0;
		};
/* End PBXSourcesBuildPhase section */

/* Begin PBXVariantGroup section */
		B58291C11DB96C300017FF58 /* Main.storyboard */ = {
			isa = PBXVariantGroup;
			children = (
				B58291C21DB96C300017FF58 /* Base */,
			);
			name = Main.storyboard;
			sourceTree = "<group>";
		};
		B58291C91DB96C300017FF58 /* LaunchScreen.storyboard */ = {
			isa = PBXVariantGroup;
			children = (
				B58291CA1DB96C300017FF58 /* Base */,
			);
			name = LaunchScreen.storyboard;
			sourceTree = "<group>";
		};
/* End PBXVariantGroup section */

/* Begin XCBuildConfiguration section */
		B58291CD1DB96C300017FF58 /* Debug */ = {
			isa = XCBuildConfiguration;
			buildSettings = {
				ALWAYS_SEARCH_USER_PATHS = NO;
				CLANG_ANALYZER_NONNULL = YES;
				CLANG_CXX_LANGUAGE_STANDARD = "gnu++0x";
				CLANG_CXX_LIBRARY = "libc++";
				CLANG_ENABLE_MODULES = YES;
				CLANG_ENABLE_OBJC_ARC = YES;
				CLANG_WARN_BOOL_CONVERSION = YES;
				CLANG_WARN_CONSTANT_CONVERSION = YES;
				CLANG_WARN_DIRECT_OBJC_ISA_USAGE = YES_ERROR;
				CLANG_WARN_DOCUMENTATION_COMMENTS = YES;
				CLANG_WARN_EMPTY_BODY = YES;
				CLANG_WARN_ENUM_CONVERSION = YES;
				CLANG_WARN_INFINITE_RECURSION = YES;
				CLANG_WARN_INT_CONVERSION = YES;
				CLANG_WARN_OBJC_ROOT_CLASS = YES_ERROR;
				CLANG_WARN_SUSPICIOUS_MOVES = YES;
				CLANG_WARN_UNREACHABLE_CODE = YES;
				CLANG_WARN__DUPLICATE_METHOD_MATCH = YES;
				"CODE_SIGN_IDENTITY[sdk=iphoneos*]" = "iPhone Developer";
				COPY_PHASE_STRIP = NO;
				DEBUG_INFORMATION_FORMAT = dwarf;
				ENABLE_STRICT_OBJC_MSGSEND = YES;
				ENABLE_TESTABILITY = YES;
				GCC_C_LANGUAGE_STANDARD = gnu99;
				GCC_DYNAMIC_NO_PIC = NO;
				GCC_NO_COMMON_BLOCKS = YES;
				GCC_OPTIMIZATION_LEVEL = 0;
				GCC_PREPROCESSOR_DEFINITIONS = (
					"DEBUG=1",
					"$(inherited)",
				);
				GCC_WARN_64_TO_32_BIT_CONVERSION = YES;
				GCC_WARN_ABOUT_RETURN_TYPE = YES_ERROR;
				GCC_WARN_UNDECLARED_SELECTOR = YES;
				GCC_WARN_UNINITIALIZED_AUTOS = YES_AGGRESSIVE;
				GCC_WARN_UNUSED_FUNCTION = YES;
				GCC_WARN_UNUSED_VARIABLE = YES;
				IPHONEOS_DEPLOYMENT_TARGET = 10.0;
				MTL_ENABLE_DEBUG_INFO = YES;
				ONLY_ACTIVE_ARCH = YES;
				SDKROOT = iphoneos;
				SWIFT_ACTIVE_COMPILATION_CONDITIONS = DEBUG;
				SWIFT_OPTIMIZATION_LEVEL = "-Onone";
			};
			name = Debug;
		};
		B58291CE1DB96C300017FF58 /* Release */ = {
			isa = XCBuildConfiguration;
			buildSettings = {
				ALWAYS_SEARCH_USER_PATHS = NO;
				CLANG_ANALYZER_NONNULL = YES;
				CLANG_CXX_LANGUAGE_STANDARD = "gnu++0x";
				CLANG_CXX_LIBRARY = "libc++";
				CLANG_ENABLE_MODULES = YES;
				CLANG_ENABLE_OBJC_ARC = YES;
				CLANG_WARN_BOOL_CONVERSION = YES;
				CLANG_WARN_CONSTANT_CONVERSION = YES;
				CLANG_WARN_DIRECT_OBJC_ISA_USAGE = YES_ERROR;
				CLANG_WARN_DOCUMENTATION_COMMENTS = YES;
				CLANG_WARN_EMPTY_BODY = YES;
				CLANG_WARN_ENUM_CONVERSION = YES;
				CLANG_WARN_INFINITE_RECURSION = YES;
				CLANG_WARN_INT_CONVERSION = YES;
				CLANG_WARN_OBJC_ROOT_CLASS = YES_ERROR;
				CLANG_WARN_SUSPICIOUS_MOVES = YES;
				CLANG_WARN_UNREACHABLE_CODE = YES;
				CLANG_WARN__DUPLICATE_METHOD_MATCH = YES;
				"CODE_SIGN_IDENTITY[sdk=iphoneos*]" = "iPhone Developer";
				COPY_PHASE_STRIP = NO;
				DEBUG_INFORMATION_FORMAT = "dwarf-with-dsym";
				ENABLE_NS_ASSERTIONS = NO;
				ENABLE_STRICT_OBJC_MSGSEND = YES;
				GCC_C_LANGUAGE_STANDARD = gnu99;
				GCC_NO_COMMON_BLOCKS = YES;
				GCC_WARN_64_TO_32_BIT_CONVERSION = YES;
				GCC_WARN_ABOUT_RETURN_TYPE = YES_ERROR;
				GCC_WARN_UNDECLARED_SELECTOR = YES;
				GCC_WARN_UNINITIALIZED_AUTOS = YES_AGGRESSIVE;
				GCC_WARN_UNUSED_FUNCTION = YES;
				GCC_WARN_UNUSED_VARIABLE = YES;
				IPHONEOS_DEPLOYMENT_TARGET = 10.0;
				MTL_ENABLE_DEBUG_INFO = NO;
				SDKROOT = iphoneos;
				SWIFT_OPTIMIZATION_LEVEL = "-Owholemodule";
				VALIDATE_PRODUCT = YES;
			};
			name = Release;
		};
		B58291D01DB96C300017FF58 /* Debug */ = {
			isa = XCBuildConfiguration;
			baseConfigurationReference = 564182B88FA5B39804202925 /* Pods-BookClubUpdated.debug.xcconfig */;
			buildSettings = {
				ASSETCATALOG_COMPILER_APPICON_NAME = AppIcon;
				DEVELOPMENT_TEAM = 2UY7XP5ASH;
				INFOPLIST_FILE = BookClubUpdated/Info.plist;
				LD_RUNPATH_SEARCH_PATHS = "$(inherited) @executable_path/Frameworks";
				PRODUCT_BUNDLE_IDENTIFIER = com.FJ.BookClubUpdated;
				PRODUCT_NAME = "$(TARGET_NAME)";
				SWIFT_VERSION = 3.0;
			};
			name = Debug;
		};
		B58291D11DB96C300017FF58 /* Release */ = {
			isa = XCBuildConfiguration;
			baseConfigurationReference = 72BBA813D17FAAE43B1ECE5C /* Pods-BookClubUpdated.release.xcconfig */;
			buildSettings = {
				ASSETCATALOG_COMPILER_APPICON_NAME = AppIcon;
				DEVELOPMENT_TEAM = 2UY7XP5ASH;
				INFOPLIST_FILE = BookClubUpdated/Info.plist;
				LD_RUNPATH_SEARCH_PATHS = "$(inherited) @executable_path/Frameworks";
				PRODUCT_BUNDLE_IDENTIFIER = com.FJ.BookClubUpdated;
				PRODUCT_NAME = "$(TARGET_NAME)";
				SWIFT_VERSION = 3.0;
			};
			name = Release;
		};
/* End XCBuildConfiguration section */

/* Begin XCConfigurationList section */
		B58291B51DB96C300017FF58 /* Build configuration list for PBXProject "BookClubUpdated" */ = {
			isa = XCConfigurationList;
			buildConfigurations = (
				B58291CD1DB96C300017FF58 /* Debug */,
				B58291CE1DB96C300017FF58 /* Release */,
			);
			defaultConfigurationIsVisible = 0;
			defaultConfigurationName = Release;
		};
		B58291CF1DB96C300017FF58 /* Build configuration list for PBXNativeTarget "BookClubUpdated" */ = {
			isa = XCConfigurationList;
			buildConfigurations = (
				B58291D01DB96C300017FF58 /* Debug */,
				B58291D11DB96C300017FF58 /* Release */,
			);
			defaultConfigurationIsVisible = 0;
			defaultConfigurationName = Release;
		};
/* End XCConfigurationList section */

/* Begin XCVersionGroup section */
		B58291C41DB96C300017FF58 /* BookClubUpdated.xcdatamodeld */ = {
			isa = XCVersionGroup;
			children = (
				B58291C51DB96C300017FF58 /* BookClubUpdated.xcdatamodel */,
			);
			currentVersion = B58291C51DB96C300017FF58 /* BookClubUpdated.xcdatamodel */;
			path = BookClubUpdated.xcdatamodeld;
			sourceTree = "<group>";
			versionGroupType = wrapper.xcdatamodel;
		};
/* End XCVersionGroup section */
	};
	rootObject = B58291B21DB96C300017FF58 /* Project object */;
}
